# This file is generated by running "yarn install" inside your project.
# Manual changes might be lost - proceed with caution!

__metadata:
  version: 6
  cacheKey: 8

"@lucajoos/automation@workspace:.":
  version: 0.0.0-use.local
  resolution: "@lucajoos/automation@workspace:."
  dependencies:
    chalk: ^5.0.1
    command-exists: ^1.2.9
    commander: ^9.2.0
    inquirer: ^8.2.2
    lodash.clonedeep: ^4.5.0
    lodash.merge: ^4.6.2
    lodash.zip: ^4.2.0
    moment: ^2.29.3
    onceupon.js: ^1.5.11
    ora: ^6.1.0
    uuid: ^8.3.2
    vorpal: ^1.12.0
  bin:
    automation: ./src/index.mjs
  languageName: unknown
  linkType: soft

"ansi-escapes@npm:^1.0.0, ansi-escapes@npm:^1.1.0":
  version: 1.4.0
  resolution: "ansi-escapes@npm:1.4.0"
  checksum: 287f18ea70cde710dbb83b6b6c4e1d62fcb962b951a601d976df69478a4ebdff6305691e3befb9053d740060544929732b8bade7a9781611dcd2b997e6bda3d6
  languageName: node
  linkType: hard

"ansi-escapes@npm:^4.2.1":
  version: 4.3.2
  resolution: "ansi-escapes@npm:4.3.2"
  dependencies:
    type-fest: ^0.21.3
  checksum: 93111c42189c0a6bed9cdb4d7f2829548e943827ee8479c74d6e0b22ee127b2a21d3f8b5ca57723b8ef78ce011fbfc2784350eb2bde3ccfccf2f575fa8489815
  languageName: node
  linkType: hard

"ansi-regex@npm:^2.0.0":
  version: 2.1.1
  resolution: "ansi-regex@npm:2.1.1"
  checksum: 190abd03e4ff86794f338a31795d262c1dfe8c91f7e01d04f13f646f1dcb16c5800818f886047876f1272f065570ab86b24b99089f8b68a0e11ff19aed4ca8f1
  languageName: node
  linkType: hard

"ansi-regex@npm:^5.0.1":
  version: 5.0.1
  resolution: "ansi-regex@npm:5.0.1"
  checksum: 2aa4bb54caf2d622f1afdad09441695af2a83aa3fe8b8afa581d205e57ed4261c183c4d3877cee25794443fde5876417d859c108078ab788d6af7e4fe52eb66b
  languageName: node
  linkType: hard

"ansi-regex@npm:^6.0.1":
  version: 6.0.1
  resolution: "ansi-regex@npm:6.0.1"
  checksum: 1ff8b7667cded1de4fa2c9ae283e979fc87036864317da86a2e546725f96406746411d0d85e87a2d12fa5abd715d90006de7fa4fa0477c92321ad3b4c7d4e169
  languageName: node
  linkType: hard

"ansi-styles@npm:^2.2.1":
  version: 2.2.1
  resolution: "ansi-styles@npm:2.2.1"
  checksum: ebc0e00381f2a29000d1dac8466a640ce11943cef3bda3cd0020dc042e31e1058ab59bf6169cd794a54c3a7338a61ebc404b7c91e004092dd20e028c432c9c2c
  languageName: node
  linkType: hard

"ansi-styles@npm:^4.1.0":
  version: 4.3.0
  resolution: "ansi-styles@npm:4.3.0"
  dependencies:
    color-convert: ^2.0.1
  checksum: 513b44c3b2105dd14cc42a19271e80f386466c4be574bccf60b627432f9198571ebf4ab1e4c3ba17347658f4ee1711c163d574248c0c1cdc2d5917a0ad582ec4
  languageName: node
  linkType: hard

"babel-polyfill@npm:^6.3.14":
  version: 6.26.0
  resolution: "babel-polyfill@npm:6.26.0"
  dependencies:
    babel-runtime: ^6.26.0
    core-js: ^2.5.0
    regenerator-runtime: ^0.10.5
  checksum: 6fb1a3c0bfe1b6fc56ce1afcf531878aa629b309277a05fbf3fe950589b24cb4052a6e487db21d318eb5336b68730a21f5ef62166b6cc8aea3406261054d1118
  languageName: node
  linkType: hard

"babel-runtime@npm:^6.26.0":
  version: 6.26.0
  resolution: "babel-runtime@npm:6.26.0"
  dependencies:
    core-js: ^2.4.0
    regenerator-runtime: ^0.11.0
  checksum: 8aeade94665e67a73c1ccc10f6fd42ba0c689b980032b70929de7a6d9a12eb87ef51902733f8fefede35afea7a5c3ef7e916a64d503446c1eedc9e3284bd3d50
  languageName: node
  linkType: hard

"base64-js@npm:^1.3.1":
  version: 1.5.1
  resolution: "base64-js@npm:1.5.1"
  checksum: 669632eb3745404c2f822a18fc3a0122d2f9a7a13f7fb8b5823ee19d1d2ff9ee5b52c53367176ea4ad093c332fd5ab4bd0ebae5a8e27917a4105a4cfc86b1005
  languageName: node
  linkType: hard

"bl@npm:^4.1.0":
  version: 4.1.0
  resolution: "bl@npm:4.1.0"
  dependencies:
    buffer: ^5.5.0
    inherits: ^2.0.4
    readable-stream: ^3.4.0
  checksum: 9e8521fa7e83aa9427c6f8ccdcba6e8167ef30cc9a22df26effcc5ab682ef91d2cbc23a239f945d099289e4bbcfae7a192e9c28c84c6202e710a0dfec3722662
  languageName: node
  linkType: hard

"bl@npm:^5.0.0":
  version: 5.0.0
  resolution: "bl@npm:5.0.0"
  dependencies:
    buffer: ^6.0.3
    inherits: ^2.0.4
    readable-stream: ^3.4.0
  checksum: 5dbbcf9cbcf55221dc21f48968bc8cd6d78faea3c653d496ff8e0c382b95e8b6c4b9e818fe67de2f97ed0cd0c219c350ccce42aca91be33e0ad12e698c615061
  languageName: node
  linkType: hard

"buffer@npm:^5.5.0":
  version: 5.7.1
  resolution: "buffer@npm:5.7.1"
  dependencies:
    base64-js: ^1.3.1
    ieee754: ^1.1.13
  checksum: e2cf8429e1c4c7b8cbd30834ac09bd61da46ce35f5c22a78e6c2f04497d6d25541b16881e30a019c6fd3154150650ccee27a308eff3e26229d788bbdeb08ab84
  languageName: node
  linkType: hard

"buffer@npm:^6.0.3":
  version: 6.0.3
  resolution: "buffer@npm:6.0.3"
  dependencies:
    base64-js: ^1.3.1
    ieee754: ^1.2.1
  checksum: 5ad23293d9a731e4318e420025800b42bf0d264004c0286c8cc010af7a270c7a0f6522e84f54b9ad65cbd6db20b8badbfd8d2ebf4f80fa03dab093b89e68c3f9
  languageName: node
  linkType: hard

"chalk@npm:^1.0.0, chalk@npm:^1.1.0":
  version: 1.1.3
  resolution: "chalk@npm:1.1.3"
  dependencies:
    ansi-styles: ^2.2.1
    escape-string-regexp: ^1.0.2
    has-ansi: ^2.0.0
    strip-ansi: ^3.0.0
    supports-color: ^2.0.0
  checksum: 9d2ea6b98fc2b7878829eec223abcf404622db6c48396a9b9257f6d0ead2acf18231ae368d6a664a83f272b0679158da12e97b5229f794939e555cc574478acd
  languageName: node
  linkType: hard

"chalk@npm:^4.1.0, chalk@npm:^4.1.1":
  version: 4.1.2
  resolution: "chalk@npm:4.1.2"
  dependencies:
    ansi-styles: ^4.1.0
    supports-color: ^7.1.0
  checksum: fe75c9d5c76a7a98d45495b91b2172fa3b7a09e0cc9370e5c8feb1c567b85c4288e2b3fded7cfdd7359ac28d6b3844feb8b82b8686842e93d23c827c417e83fc
  languageName: node
  linkType: hard

"chalk@npm:^5.0.0, chalk@npm:^5.0.1":
  version: 5.0.1
  resolution: "chalk@npm:5.0.1"
  checksum: 7b45300372b908f0471fbf7389ce2f5de8d85bb949026fd51a1b95b10d0ed32c7ed5aab36dd5e9d2bf3191867909b4404cef75c5f4d2d1daeeacd301dd280b76
  languageName: node
  linkType: hard

"chardet@npm:^0.7.0":
  version: 0.7.0
  resolution: "chardet@npm:0.7.0"
  checksum: 6fd5da1f5d18ff5712c1e0aed41da200d7c51c28f11b36ee3c7b483f3696dabc08927fc6b227735eb8f0e1215c9a8abd8154637f3eff8cada5959df7f58b024d
  languageName: node
  linkType: hard

"cli-cursor@npm:^1.0.1, cli-cursor@npm:^1.0.2":
  version: 1.0.2
  resolution: "cli-cursor@npm:1.0.2"
  dependencies:
    restore-cursor: ^1.0.1
  checksum: e3b4400d5e925ed11c7596f82e80e170693f69ac6f0f21da2a400043c37548dd780f985a1a5ef1ffb038e36fc6711d1d4f066b104eed851ae76e34bd883cf2bf
  languageName: node
  linkType: hard

"cli-cursor@npm:^3.1.0":
  version: 3.1.0
  resolution: "cli-cursor@npm:3.1.0"
  dependencies:
    restore-cursor: ^3.1.0
  checksum: 2692784c6cd2fd85cfdbd11f53aea73a463a6d64a77c3e098b2b4697a20443f430c220629e1ca3b195ea5ac4a97a74c2ee411f3807abf6df2b66211fec0c0a29
  languageName: node
  linkType: hard

"cli-cursor@npm:^4.0.0":
  version: 4.0.0
  resolution: "cli-cursor@npm:4.0.0"
  dependencies:
    restore-cursor: ^4.0.0
  checksum: ab3f3ea2076e2176a1da29f9d64f72ec3efad51c0960898b56c8a17671365c26e67b735920530eaf7328d61f8bd41c27f46b9cf6e4e10fe2fa44b5e8c0e392cc
  languageName: node
  linkType: hard

"cli-spinners@npm:^2.5.0, cli-spinners@npm:^2.6.1":
  version: 2.6.1
  resolution: "cli-spinners@npm:2.6.1"
  checksum: 423409baaa7a58e5104b46ca1745fbfc5888bbd0b0c5a626e052ae1387060839c8efd512fb127e25769b3dc9562db1dc1b5add6e0b93b7ef64f477feb6416a45
  languageName: node
  linkType: hard

"cli-width@npm:^1.0.1":
  version: 1.1.1
  resolution: "cli-width@npm:1.1.1"
  checksum: 24a3449ec8494aa900c635b988fb750007507af3d385a1aaff5edfb4db502d9686209578fe74215556bb2037523078660cd21ee5b35c2d8c0680a9d6d9b1e270
  languageName: node
  linkType: hard

"cli-width@npm:^3.0.0":
  version: 3.0.0
  resolution: "cli-width@npm:3.0.0"
  checksum: 4c94af3769367a70e11ed69aa6095f1c600c0ff510f3921ab4045af961820d57c0233acfa8b6396037391f31b4c397e1f614d234294f979ff61430a6c166c3f6
  languageName: node
  linkType: hard

"clone@npm:^1.0.2":
  version: 1.0.4
  resolution: "clone@npm:1.0.4"
  checksum: d06418b7335897209e77bdd430d04f882189582e67bd1f75a04565f3f07f5b3f119a9d670c943b6697d0afb100f03b866b3b8a1f91d4d02d72c4ecf2bb64b5dd
  languageName: node
  linkType: hard

"code-point-at@npm:^1.0.0":
  version: 1.1.0
  resolution: "code-point-at@npm:1.1.0"
  checksum: 17d5666611f9b16d64fdf48176d9b7fb1c7d1c1607a189f7e600040a11a6616982876af148230336adb7d8fe728a559f743a4e29db3747e3b1a32fa7f4529681
  languageName: node
  linkType: hard

"color-convert@npm:^2.0.1":
  version: 2.0.1
  resolution: "color-convert@npm:2.0.1"
  dependencies:
    color-name: ~1.1.4
  checksum: 79e6bdb9fd479a205c71d89574fccfb22bd9053bd98c6c4d870d65c132e5e904e6034978e55b43d69fcaa7433af2016ee203ce76eeba9cfa554b373e7f7db336
  languageName: node
  linkType: hard

"color-name@npm:~1.1.4":
  version: 1.1.4
  resolution: "color-name@npm:1.1.4"
  checksum: b0445859521eb4021cd0fb0cc1a75cecf67fceecae89b63f62b201cca8d345baf8b952c966862a9d9a2632987d4f6581f0ec8d957dfacece86f0a7919316f610
  languageName: node
  linkType: hard

"command-exists@npm:^1.2.9":
  version: 1.2.9
  resolution: "command-exists@npm:1.2.9"
  checksum: 729ae3d88a2058c93c58840f30341b7f82688a573019535d198b57a4d8cb0135ced0ad7f52b591e5b28a90feb2c675080ce916e56254a0f7c15cb2395277cac3
  languageName: node
  linkType: hard

"commander@npm:^9.2.0":
  version: 9.2.0
  resolution: "commander@npm:9.2.0"
  checksum: 7c82e4cd969712aa6d7c055b8351807a7230f9f31ef7ec7881e11a1147511de85adf5d6ccfd200240a118eecf693b220caf6865b8efbcea558a70d35aa9ed711
  languageName: node
  linkType: hard

"core-js@npm:^2.4.0, core-js@npm:^2.5.0":
  version: 2.6.12
  resolution: "core-js@npm:2.6.12"
  checksum: 44fa9934a85f8c78d61e0c8b7b22436330471ffe59ec5076fe7f324d6e8cf7f824b14b1c81ca73608b13bdb0fef035bd820989bf059767ad6fa13123bb8bd016
  languageName: node
  linkType: hard

"defaults@npm:^1.0.3":
  version: 1.0.3
  resolution: "defaults@npm:1.0.3"
  dependencies:
    clone: ^1.0.2
  checksum: 96e2112da6553d376afd5265ea7cbdb2a3b45535965d71ab8bb1da10c8126d168fdd5268799625324b368356d21ba2a7b3d4ec50961f11a47b7feb9de3d4413e
  languageName: node
  linkType: hard

"emoji-regex@npm:^8.0.0":
  version: 8.0.0
  resolution: "emoji-regex@npm:8.0.0"
  checksum: d4c5c39d5a9868b5fa152f00cada8a936868fd3367f33f71be515ecee4c803132d11b31a6222b2571b1e5f7e13890156a94880345594d0ce7e3c9895f560f192
  languageName: node
  linkType: hard

"escape-string-regexp@npm:^1.0.2, escape-string-regexp@npm:^1.0.5":
  version: 1.0.5
  resolution: "escape-string-regexp@npm:1.0.5"
  checksum: 6092fda75c63b110c706b6a9bfde8a612ad595b628f0bd2147eea1d3406723020810e591effc7db1da91d80a71a737a313567c5abb3813e8d9c71f4aa595b410
  languageName: node
  linkType: hard

"exit-hook@npm:^1.0.0":
  version: 1.1.1
  resolution: "exit-hook@npm:1.1.1"
  checksum: 1b4f16da7c202cd336ca07acb052922639182b4e2f1ad4007ed481bb774ce93469f505dec1371d9cd580ac54146a9fd260f053b0e4a48fa87c49fa3dc4a3f144
  languageName: node
  linkType: hard

"external-editor@npm:^3.0.3":
  version: 3.1.0
  resolution: "external-editor@npm:3.1.0"
  dependencies:
    chardet: ^0.7.0
    iconv-lite: ^0.4.24
    tmp: ^0.0.33
  checksum: 1c2a616a73f1b3435ce04030261bed0e22d4737e14b090bb48e58865da92529c9f2b05b893de650738d55e692d071819b45e1669259b2b354bc3154d27a698c7
  languageName: node
  linkType: hard

"figures@npm:^1.3.5":
  version: 1.7.0
  resolution: "figures@npm:1.7.0"
  dependencies:
    escape-string-regexp: ^1.0.5
    object-assign: ^4.1.0
  checksum: d77206deba991a7977f864b8c8edf9b8b43b441be005482db04b0526e36263adbdb22c1c6d2df15a1ad78d12029bd1aa41ccebcb5d425e1f2cf629c6daaa8e10
  languageName: node
  linkType: hard

"figures@npm:^3.0.0":
  version: 3.2.0
  resolution: "figures@npm:3.2.0"
  dependencies:
    escape-string-regexp: ^1.0.5
  checksum: 85a6ad29e9aca80b49b817e7c89ecc4716ff14e3779d9835af554db91bac41c0f289c418923519392a1e582b4d10482ad282021330cd045bb7b80c84152f2a2b
  languageName: node
  linkType: hard

"has-ansi@npm:^2.0.0":
  version: 2.0.0
  resolution: "has-ansi@npm:2.0.0"
  dependencies:
    ansi-regex: ^2.0.0
  checksum: 1b51daa0214440db171ff359d0a2d17bc20061164c57e76234f614c91dbd2a79ddd68dfc8ee73629366f7be45a6df5f2ea9de83f52e1ca24433f2cc78c35d8ec
  languageName: node
  linkType: hard

"has-flag@npm:^4.0.0":
  version: 4.0.0
  resolution: "has-flag@npm:4.0.0"
  checksum: 261a1357037ead75e338156b1f9452c016a37dcd3283a972a30d9e4a87441ba372c8b81f818cd0fbcd9c0354b4ae7e18b9e1afa1971164aef6d18c2b6095a8ad
  languageName: node
  linkType: hard

"iconv-lite@npm:^0.4.24":
  version: 0.4.24
  resolution: "iconv-lite@npm:0.4.24"
  dependencies:
    safer-buffer: ">= 2.1.2 < 3"
  checksum: bd9f120f5a5b306f0bc0b9ae1edeb1577161503f5f8252a20f1a9e56ef8775c9959fd01c55f2d3a39d9a8abaf3e30c1abeb1895f367dcbbe0a8fd1c9ca01c4f6
  languageName: node
  linkType: hard

"ieee754@npm:^1.1.13, ieee754@npm:^1.2.1":
  version: 1.2.1
  resolution: "ieee754@npm:1.2.1"
  checksum: 5144c0c9815e54ada181d80a0b810221a253562422e7c6c3a60b1901154184f49326ec239d618c416c1c5945a2e197107aee8d986a3dd836b53dffefd99b5e7e
  languageName: node
  linkType: hard

"in-publish@npm:^2.0.0":
  version: 2.0.1
  resolution: "in-publish@npm:2.0.1"
  bin:
    in-install: in-install.js
    in-publish: in-publish.js
    not-in-install: not-in-install.js
    not-in-publish: not-in-publish.js
  checksum: 5efde2992a1e76550614a5a2c51f53669d9f3ee3a11d364de22b0c77c41de0b87c52c4c9b04375eaa276761b1944dd2b166323894d2344192328ffe85927ad38
  languageName: node
  linkType: hard

"inherits@npm:^2.0.3, inherits@npm:^2.0.4":
  version: 2.0.4
  resolution: "inherits@npm:2.0.4"
  checksum: 4a48a733847879d6cf6691860a6b1e3f0f4754176e4d71494c41f3475553768b10f84b5ce1d40fbd0e34e6bfbb864ee35858ad4dd2cf31e02fc4a154b724d7f1
  languageName: node
  linkType: hard

"inquirer@npm:0.11.0":
  version: 0.11.0
  resolution: "inquirer@npm:0.11.0"
  dependencies:
    ansi-escapes: ^1.1.0
    ansi-regex: ^2.0.0
    chalk: ^1.0.0
    cli-cursor: ^1.0.1
    cli-width: ^1.0.1
    figures: ^1.3.5
    lodash: ^3.3.1
    readline2: ^1.0.1
    run-async: ^0.1.0
    rx-lite: ^3.1.2
    strip-ansi: ^3.0.0
    through: ^2.3.6
  checksum: f36903494ccc04b1f21c1be3121c1c187582a10fd6b756e6aa3d69b33079413e37d717cd36795770a17fd4c0cec58ec8232d6af3e1452e504f97fb93b5768b51
  languageName: node
  linkType: hard

"inquirer@npm:^8.2.2":
  version: 8.2.2
  resolution: "inquirer@npm:8.2.2"
  dependencies:
    ansi-escapes: ^4.2.1
    chalk: ^4.1.1
    cli-cursor: ^3.1.0
    cli-width: ^3.0.0
    external-editor: ^3.0.3
    figures: ^3.0.0
    lodash: ^4.17.21
    mute-stream: 0.0.8
    ora: ^5.4.1
    run-async: ^2.4.0
    rxjs: ^7.5.5
    string-width: ^4.1.0
    strip-ansi: ^6.0.0
    through: ^2.3.6
  checksum: 69a2cf32f51af0e94dd66c597fdca42b890ff521b537dbfe1fd532c19a751d54893b7896523691ec30357f6212a80a2417fec7bf34411f369bbf151bdbc95ae9
  languageName: node
  linkType: hard

"is-fullwidth-code-point@npm:^1.0.0":
  version: 1.0.0
  resolution: "is-fullwidth-code-point@npm:1.0.0"
  dependencies:
    number-is-nan: ^1.0.0
  checksum: 4d46a7465a66a8aebcc5340d3b63a56602133874af576a9ca42c6f0f4bd787a743605771c5f246db77da96605fefeffb65fc1dbe862dcc7328f4b4d03edf5a57
  languageName: node
  linkType: hard

"is-fullwidth-code-point@npm:^3.0.0":
  version: 3.0.0
  resolution: "is-fullwidth-code-point@npm:3.0.0"
  checksum: 44a30c29457c7fb8f00297bce733f0a64cd22eca270f83e58c105e0d015e45c019491a4ab2faef91ab51d4738c670daff901c799f6a700e27f7314029e99e348
  languageName: node
  linkType: hard

"is-interactive@npm:^1.0.0":
  version: 1.0.0
  resolution: "is-interactive@npm:1.0.0"
  checksum: 824808776e2d468b2916cdd6c16acacebce060d844c35ca6d82267da692e92c3a16fdba624c50b54a63f38bdc4016055b6f443ce57d7147240de4f8cdabaf6f9
  languageName: node
  linkType: hard

"is-interactive@npm:^2.0.0":
  version: 2.0.0
  resolution: "is-interactive@npm:2.0.0"
  checksum: e8d52ad490bed7ae665032c7675ec07732bbfe25808b0efbc4d5a76b1a1f01c165f332775c63e25e9a03d319ebb6b24f571a9e902669fc1e40b0a60b5be6e26c
  languageName: node
  linkType: hard

"is-unicode-supported@npm:^0.1.0":
  version: 0.1.0
  resolution: "is-unicode-supported@npm:0.1.0"
  checksum: a2aab86ee7712f5c2f999180daaba5f361bdad1efadc9610ff5b8ab5495b86e4f627839d085c6530363c6d6d4ecbde340fb8e54bdb83da4ba8e0865ed5513c52
  languageName: node
  linkType: hard

"is-unicode-supported@npm:^1.1.0":
  version: 1.2.0
  resolution: "is-unicode-supported@npm:1.2.0"
  checksum: 2d90b4b3ce622c1ecf7414b8954cc8f0483576d4d8e6892cbbdc1e2dd33d6126b1cf0319cf1549bee03d45f989b8b0de3309c879a9388a4fe6b8836f866ed86c
  languageName: node
  linkType: hard

"lodash.clonedeep@npm:^4.5.0":
  version: 4.5.0
  resolution: "lodash.clonedeep@npm:4.5.0"
  checksum: 92c46f094b064e876a23c97f57f81fbffd5d760bf2d8a1c61d85db6d1e488c66b0384c943abee4f6af7debf5ad4e4282e74ff83177c9e63d8ff081a4837c3489
  languageName: node
  linkType: hard

"lodash.merge@npm:^4.6.2":
  version: 4.6.2
  resolution: "lodash.merge@npm:4.6.2"
  checksum: ad580b4bdbb7ca1f7abf7e1bce63a9a0b98e370cf40194b03380a46b4ed799c9573029599caebc1b14e3f24b111aef72b96674a56cfa105e0f5ac70546cdc005
  languageName: node
  linkType: hard

"lodash.zip@npm:^4.2.0":
  version: 4.2.0
  resolution: "lodash.zip@npm:4.2.0"
  checksum: 41fd8dc1af8b38086369d4fdc81dd725715dcda36ec463d907b9c58f25e5ebb518376b0acec39ded96a6b1790a89c387b9a6b1627306f33fabaf987c8d5eac9e
  languageName: node
  linkType: hard

"lodash@npm:^3.3.1":
  version: 3.10.1
  resolution: "lodash@npm:3.10.1"
  checksum: 53065d3712a2fd90b55690c5af19f9625a5bbb2b7876ff76d782ee1dc22618fd4dff191d44a8e165a17b5b81a851c3e884d3b5b25e314422fbe24bb299542685
  languageName: node
  linkType: hard

"lodash@npm:^4.17.21, lodash@npm:^4.5.1":
  version: 4.17.21
  resolution: "lodash@npm:4.17.21"
  checksum: eb835a2e51d381e561e508ce932ea50a8e5a68f4ebdd771ea240d3048244a8d13658acbd502cd4829768c56f2e16bdd4340b9ea141297d472517b83868e677f7
  languageName: node
  linkType: hard

"log-symbols@npm:^4.1.0":
  version: 4.1.0
  resolution: "log-symbols@npm:4.1.0"
  dependencies:
    chalk: ^4.1.0
    is-unicode-supported: ^0.1.0
  checksum: fce1497b3135a0198803f9f07464165e9eb83ed02ceb2273930a6f8a508951178d8cf4f0378e9d28300a2ed2bc49050995d2bd5f53ab716bb15ac84d58c6ef74
  languageName: node
  linkType: hard

"log-symbols@npm:^5.1.0":
  version: 5.1.0
  resolution: "log-symbols@npm:5.1.0"
  dependencies:
    chalk: ^5.0.0
    is-unicode-supported: ^1.1.0
  checksum: 7291b6e7f1b3df6865bdaeb9b59605c832668ac2fa0965c63b1e7dd3700349aec09c1d7d40c368d5041ff58b7f89461a56e4009471921301af7b3609cbff9a29
  languageName: node
  linkType: hard

"log-update@npm:^1.0.2":
  version: 1.0.2
  resolution: "log-update@npm:1.0.2"
  dependencies:
    ansi-escapes: ^1.0.0
    cli-cursor: ^1.0.2
  checksum: eb8389778092093ec65f36f6a81dd599d0196b74176f07668fcf2bbeb805e36548b438655060e14dcfb910c47f2ef2ff9984c50be9aabeaa772d8aa448a374aa
  languageName: node
  linkType: hard

"mimic-fn@npm:^2.1.0":
  version: 2.1.0
  resolution: "mimic-fn@npm:2.1.0"
  checksum: d2421a3444848ce7f84bd49115ddacff29c15745db73f54041edc906c14b131a38d05298dae3081667627a59b2eb1ca4b436ff2e1b80f69679522410418b478a
  languageName: node
  linkType: hard

"minimist@npm:^1.2.0":
  version: 1.2.6
  resolution: "minimist@npm:1.2.6"
  checksum: d15428cd1e11eb14e1233bcfb88ae07ed7a147de251441d61158619dfb32c4d7e9061d09cab4825fdee18ecd6fce323228c8c47b5ba7cd20af378ca4048fb3fb
  languageName: node
  linkType: hard

"moment@npm:^2.29.3":
  version: 2.29.3
  resolution: "moment@npm:2.29.3"
  checksum: 2e780e36d9a1823c08a1b6313cbb08bd01ecbb2a9062095820a34f42c878991ccba53abaa6abb103fd5c01e763724f295162a8c50b7e95b4f1c992ef0772d3f0
  languageName: node
  linkType: hard

"mute-stream@npm:0.0.5":
  version: 0.0.5
  resolution: "mute-stream@npm:0.0.5"
  checksum: 679c91ed82619e91382da17ace04dfd535d3b22d42c4d661161f980b252551c053175a238d76c16ea56cf38ae90c00ea60aebacfaf365bd45318ae581a12f042
  languageName: node
  linkType: hard

"mute-stream@npm:0.0.8":
  version: 0.0.8
  resolution: "mute-stream@npm:0.0.8"
  checksum: ff48d251fc3f827e5b1206cda0ffdaec885e56057ee86a3155e1951bc940fd5f33531774b1cc8414d7668c10a8907f863f6561875ee6e8768931a62121a531a1
  languageName: node
  linkType: hard

"node-localstorage@npm:^0.6.0":
  version: 0.6.0
  resolution: "node-localstorage@npm:0.6.0"
  checksum: e741539f6b1f5523ea7a373b10b5ef62d2b36681609a5f814addd6ced74d0c5cee8e1bbd36b4091a46e8a838cc7b091bab317a3a90af63ff5063bd2f22f3139f
  languageName: node
  linkType: hard

"number-is-nan@npm:^1.0.0":
  version: 1.0.1
  resolution: "number-is-nan@npm:1.0.1"
  checksum: 13656bc9aa771b96cef209ffca31c31a03b507ca6862ba7c3f638a283560620d723d52e626d57892c7fff475f4c36ac07f0600f14544692ff595abff214b9ffb
  languageName: node
  linkType: hard

"object-assign@npm:^4.1.0":
  version: 4.1.1
  resolution: "object-assign@npm:4.1.1"
  checksum: fcc6e4ea8c7fe48abfbb552578b1c53e0d194086e2e6bbbf59e0a536381a292f39943c6e9628af05b5528aa5e3318bb30d6b2e53cadaf5b8fe9e12c4b69af23f
  languageName: node
  linkType: hard

"once@npm:^1.3.0":
  version: 1.4.0
  resolution: "once@npm:1.4.0"
  dependencies:
    wrappy: 1
  checksum: cd0a88501333edd640d95f0d2700fbde6bff20b3d4d9bdc521bdd31af0656b5706570d6c6afe532045a20bb8dc0849f8332d6f2a416e0ba6d3d3b98806c7db68
  languageName: node
  linkType: hard

"onceupon.js@npm:^1.5.11":
  version: 1.5.11
  resolution: "onceupon.js@npm:1.5.11"
  checksum: c04a0c49c41ec77cee35e2fa571b7d1ef6f69b9d640c4fc96bf341e458ee9021d1238a204dbc5b02cdbdb2c018d2cb73fb245677bed088c4cfebbf518ed26935
  languageName: node
  linkType: hard

"onetime@npm:^1.0.0":
  version: 1.1.0
  resolution: "onetime@npm:1.1.0"
  checksum: 4e9ab082cad172bd69c5f86630f55132c78e89e62b6e7abc5b4df922c3a5a397eeb88ad4810c8493a40a6ea5e54c146810ea8553db609903db3643985b301f67
  languageName: node
  linkType: hard

"onetime@npm:^5.1.0":
  version: 5.1.2
  resolution: "onetime@npm:5.1.2"
  dependencies:
    mimic-fn: ^2.1.0
  checksum: 2478859ef817fc5d4e9c2f9e5728512ddd1dbc9fb7829ad263765bb6d3b91ce699d6e2332eef6b7dff183c2f490bd3349f1666427eaba4469fba0ac38dfd0d34
  languageName: node
  linkType: hard

"ora@npm:^5.4.1":
  version: 5.4.1
  resolution: "ora@npm:5.4.1"
  dependencies:
    bl: ^4.1.0
    chalk: ^4.1.0
    cli-cursor: ^3.1.0
    cli-spinners: ^2.5.0
    is-interactive: ^1.0.0
    is-unicode-supported: ^0.1.0
    log-symbols: ^4.1.0
    strip-ansi: ^6.0.0
    wcwidth: ^1.0.1
  checksum: 28d476ee6c1049d68368c0dc922e7225e3b5600c3ede88fade8052837f9ed342625fdaa84a6209302587c8ddd9b664f71f0759833cbdb3a4cf81344057e63c63
  languageName: node
  linkType: hard

"ora@npm:^6.1.0":
  version: 6.1.0
  resolution: "ora@npm:6.1.0"
  dependencies:
    bl: ^5.0.0
    chalk: ^5.0.0
    cli-cursor: ^4.0.0
    cli-spinners: ^2.6.1
    is-interactive: ^2.0.0
    is-unicode-supported: ^1.1.0
    log-symbols: ^5.1.0
    strip-ansi: ^7.0.1
    wcwidth: ^1.0.1
  checksum: 0e84d9c32f2c62617324658ea547963412152f0bf60c1580ed18ec660769713452a6a47d117a1767bb118bb0867720ecc109ef6e12d18fd71ae244683e722b23
  languageName: node
  linkType: hard

"os-tmpdir@npm:~1.0.2":
  version: 1.0.2
  resolution: "os-tmpdir@npm:1.0.2"
  checksum: 5666560f7b9f10182548bf7013883265be33620b1c1b4a4d405c25be2636f970c5488ff3e6c48de75b55d02bde037249fe5dbfbb4c0fb7714953d56aed062e6d
  languageName: node
  linkType: hard

"readable-stream@npm:^3.4.0":
  version: 3.6.0
  resolution: "readable-stream@npm:3.6.0"
  dependencies:
    inherits: ^2.0.3
    string_decoder: ^1.1.1
    util-deprecate: ^1.0.1
  checksum: d4ea81502d3799439bb955a3a5d1d808592cf3133350ed352aeaa499647858b27b1c4013984900238b0873ec8d0d8defce72469fb7a83e61d53f5ad61cb80dc8
  languageName: node
  linkType: hard

"readline2@npm:^1.0.1":
  version: 1.0.1
  resolution: "readline2@npm:1.0.1"
  dependencies:
    code-point-at: ^1.0.0
    is-fullwidth-code-point: ^1.0.0
    mute-stream: 0.0.5
  checksum: 7ac8ffa917af89f042bb24f695b1333158d83e26f398108f6d4ce7ca3ab6bccb6fa32623d9254ea1dc5420db7e6ce0b0fc527108645ababf6e280d8db3fe8a89
  languageName: node
  linkType: hard

"regenerator-runtime@npm:^0.10.5":
  version: 0.10.5
  resolution: "regenerator-runtime@npm:0.10.5"
  checksum: 35b33dbe5381d268b2be98f4ee4b028702acb38b012bff90723df067f915a337e5c979cce4dab4ed23febb223bbebb8820d46902f897742c55818c22c14e2a7c
  languageName: node
  linkType: hard

"regenerator-runtime@npm:^0.11.0":
  version: 0.11.1
  resolution: "regenerator-runtime@npm:0.11.1"
  checksum: 3c97bd2c7b2b3247e6f8e2147a002eb78c995323732dad5dc70fac8d8d0b758d0295e7015b90d3d444446ae77cbd24b9f9123ec3a77018e81d8999818301b4f4
  languageName: node
  linkType: hard

"restore-cursor@npm:^1.0.1":
  version: 1.0.1
  resolution: "restore-cursor@npm:1.0.1"
  dependencies:
    exit-hook: ^1.0.0
    onetime: ^1.0.0
  checksum: e40bd1a540d69970341fc734dfada908815a44f91903211f34d32c47da33f6e7824bbc97f6e76aff387137d6b2a1ada3d3d2dc1b654b8accdc8ed5721c46cbfa
  languageName: node
  linkType: hard

"restore-cursor@npm:^3.1.0":
  version: 3.1.0
  resolution: "restore-cursor@npm:3.1.0"
  dependencies:
    onetime: ^5.1.0
    signal-exit: ^3.0.2
  checksum: f877dd8741796b909f2a82454ec111afb84eb45890eb49ac947d87991379406b3b83ff9673a46012fca0d7844bb989f45cc5b788254cf1a39b6b5a9659de0630
  languageName: node
  linkType: hard

"restore-cursor@npm:^4.0.0":
  version: 4.0.0
  resolution: "restore-cursor@npm:4.0.0"
  dependencies:
    onetime: ^5.1.0
    signal-exit: ^3.0.2
  checksum: 5b675c5a59763bf26e604289eab35711525f11388d77f409453904e1e69c0d37ae5889295706b2c81d23bd780165084d040f9b68fffc32cc921519031c4fa4af
  languageName: node
  linkType: hard

"run-async@npm:^0.1.0":
  version: 0.1.0
  resolution: "run-async@npm:0.1.0"
  dependencies:
    once: ^1.3.0
  checksum: 66fd3ada4036a77a70fbf5063d66bf88df77fa9cbf20516115a6a09431ba66621f353e6fefecd10f9cb6a3345b5fe007a438dbf3f6020fbfd5732634cd4d3e15
  languageName: node
  linkType: hard

"run-async@npm:^2.4.0":
  version: 2.4.1
  resolution: "run-async@npm:2.4.1"
  checksum: a2c88aa15df176f091a2878eb840e68d0bdee319d8d97bbb89112223259cebecb94bc0defd735662b83c2f7a30bed8cddb7d1674eb48ae7322dc602b22d03797
  languageName: node
  linkType: hard

"rx-lite@npm:^3.1.2":
  version: 3.1.2
  resolution: "rx-lite@npm:3.1.2"
  checksum: e3cf6d42fa662aecbc90e0e0a547dcbd5188de8944d6e1bc353e8596ce2fd90ef5a6def0b3c6f6e1dfe49c32cec018e745ac5446d16ddf08a07fa8ed9cbc6272
  languageName: node
  linkType: hard

"rxjs@npm:^7.5.5":
  version: 7.5.5
  resolution: "rxjs@npm:7.5.5"
  dependencies:
    tslib: ^2.1.0
  checksum: e034f60805210cce756dd2f49664a8108780b117cf5d0e2281506e9e6387f7b4f1532d974a8c8b09314fa7a16dd2f6cff3462072a5789672b5dcb45c4173f3c6
  languageName: node
  linkType: hard

"safe-buffer@npm:~5.2.0":
  version: 5.2.1
  resolution: "safe-buffer@npm:5.2.1"
  checksum: b99c4b41fdd67a6aaf280fcd05e9ffb0813654894223afb78a31f14a19ad220bba8aba1cb14eddce1fcfb037155fe6de4e861784eb434f7d11ed58d1e70dd491
  languageName: node
  linkType: hard

"safer-buffer@npm:>= 2.1.2 < 3":
  version: 2.1.2
  resolution: "safer-buffer@npm:2.1.2"
  checksum: cab8f25ae6f1434abee8d80023d7e72b598cf1327164ddab31003c51215526801e40b66c5e65d658a0af1e9d6478cadcb4c745f4bd6751f97d8644786c0978b0
  languageName: node
  linkType: hard

"signal-exit@npm:^3.0.2":
  version: 3.0.7
  resolution: "signal-exit@npm:3.0.7"
  checksum: a2f098f247adc367dffc27845853e9959b9e88b01cb301658cfe4194352d8d2bb32e18467c786a7fe15f1d44b233ea35633d076d5e737870b7139949d1ab6318
  languageName: node
  linkType: hard

"string-width@npm:^1.0.1":
  version: 1.0.2
  resolution: "string-width@npm:1.0.2"
  dependencies:
    code-point-at: ^1.0.0
    is-fullwidth-code-point: ^1.0.0
    strip-ansi: ^3.0.0
  checksum: 5c79439e95bc3bd7233a332c5f5926ab2ee90b23816ed4faa380ce3b2576d7800b0a5bb15ae88ed28737acc7ea06a518c2eef39142dd727adad0e45c776cd37e
  languageName: node
  linkType: hard

"string-width@npm:^4.1.0":
  version: 4.2.3
  resolution: "string-width@npm:4.2.3"
  dependencies:
    emoji-regex: ^8.0.0
    is-fullwidth-code-point: ^3.0.0
    strip-ansi: ^6.0.1
  checksum: e52c10dc3fbfcd6c3a15f159f54a90024241d0f149cf8aed2982a2d801d2e64df0bf1dc351cf8e95c3319323f9f220c16e740b06faecd53e2462df1d2b5443fb
  languageName: node
  linkType: hard

"string_decoder@npm:^1.1.1":
  version: 1.3.0
  resolution: "string_decoder@npm:1.3.0"
  dependencies:
    safe-buffer: ~5.2.0
  checksum: 8417646695a66e73aefc4420eb3b84cc9ffd89572861fe004e6aeb13c7bc00e2f616247505d2dbbef24247c372f70268f594af7126f43548565c68c117bdeb56
  languageName: node
  linkType: hard

"strip-ansi@npm:^3.0.0, strip-ansi@npm:^3.0.1":
  version: 3.0.1
  resolution: "strip-ansi@npm:3.0.1"
  dependencies:
    ansi-regex: ^2.0.0
  checksum: 9b974de611ce5075c70629c00fa98c46144043db92ae17748fb780f706f7a789e9989fd10597b7c2053ae8d1513fd707816a91f1879b2f71e6ac0b6a863db465
  languageName: node
  linkType: hard

"strip-ansi@npm:^6.0.0, strip-ansi@npm:^6.0.1":
  version: 6.0.1
  resolution: "strip-ansi@npm:6.0.1"
  dependencies:
    ansi-regex: ^5.0.1
  checksum: f3cd25890aef3ba6e1a74e20896c21a46f482e93df4a06567cebf2b57edabb15133f1f94e57434e0a958d61186087b1008e89c94875d019910a213181a14fc8c
  languageName: node
  linkType: hard

"strip-ansi@npm:^7.0.1":
  version: 7.0.1
  resolution: "strip-ansi@npm:7.0.1"
  dependencies:
    ansi-regex: ^6.0.1
  checksum: 257f78fa433520e7f9897722731d78599cb3fce29ff26a20a5e12ba4957463b50a01136f37c43707f4951817a75e90820174853d6ccc240997adc5df8f966039
  languageName: node
  linkType: hard

"supports-color@npm:^2.0.0":
  version: 2.0.0
  resolution: "supports-color@npm:2.0.0"
  checksum: 602538c5812b9006404370b5a4b885d3e2a1f6567d314f8b4a41974ffe7d08e525bf92ae0f9c7030e3b4c78e4e34ace55d6a67a74f1571bc205959f5972f88f0
  languageName: node
  linkType: hard

"supports-color@npm:^7.1.0":
  version: 7.2.0
  resolution: "supports-color@npm:7.2.0"
  dependencies:
    has-flag: ^4.0.0
  checksum: 3dda818de06ebbe5b9653e07842d9479f3555ebc77e9a0280caf5a14fb877ffee9ed57007c3b78f5a6324b8dbeec648d9e97a24e2ed9fdb81ddc69ea07100f4a
  languageName: node
  linkType: hard

"through@npm:^2.3.6":
  version: 2.3.8
  resolution: "through@npm:2.3.8"
  checksum: a38c3e059853c494af95d50c072b83f8b676a9ba2818dcc5b108ef252230735c54e0185437618596c790bbba8fcdaef5b290405981ffa09dce67b1f1bf190cbd
  languageName: node
  linkType: hard

"tmp@npm:^0.0.33":
  version: 0.0.33
  resolution: "tmp@npm:0.0.33"
  dependencies:
    os-tmpdir: ~1.0.2
  checksum: 902d7aceb74453ea02abbf58c203f4a8fc1cead89b60b31e354f74ed5b3fb09ea817f94fb310f884a5d16987dd9fa5a735412a7c2dd088dd3d415aa819ae3a28
  languageName: node
  linkType: hard

"tslib@npm:^2.1.0":
  version: 2.3.1
  resolution: "tslib@npm:2.3.1"
  checksum: de17a98d4614481f7fcb5cd53ffc1aaf8654313be0291e1bfaee4b4bb31a20494b7d218ff2e15017883e8ea9626599b3b0e0229c18383ba9dce89da2adf15cb9
  languageName: node
  linkType: hard

"type-fest@npm:^0.21.3":
  version: 0.21.3
  resolution: "type-fest@npm:0.21.3"
  checksum: e6b32a3b3877f04339bae01c193b273c62ba7bfc9e325b8703c4ee1b32dc8fe4ef5dfa54bf78265e069f7667d058e360ae0f37be5af9f153b22382cd55a9afe0
  languageName: node
  linkType: hard

"util-deprecate@npm:^1.0.1":
  version: 1.0.2
  resolution: "util-deprecate@npm:1.0.2"
  checksum: 474acf1146cb2701fe3b074892217553dfcf9a031280919ba1b8d651a068c9b15d863b7303cb15bd00a862b498e6cf4ad7b4a08fb134edd5a6f7641681cb54a2
  languageName: node
  linkType: hard

"uuid@npm:^8.3.2":
  version: 8.3.2
  resolution: "uuid@npm:8.3.2"
  bin:
    uuid: dist/bin/uuid
  checksum: 5575a8a75c13120e2f10e6ddc801b2c7ed7d8f3c8ac22c7ed0c7b2ba6383ec0abda88c905085d630e251719e0777045ae3236f04c812184b7c765f63a70e58df
  languageName: node
  linkType: hard

"vorpal@npm:^1.12.0":
  version: 1.12.0
  resolution: "vorpal@npm:1.12.0"
  dependencies:
    babel-polyfill: ^6.3.14
    chalk: ^1.1.0
    in-publish: ^2.0.0
    inquirer: 0.11.0
    lodash: ^4.5.1
    log-update: ^1.0.2
    minimist: ^1.2.0
    node-localstorage: ^0.6.0
    strip-ansi: ^3.0.0
    wrap-ansi: ^2.0.0
  checksum: 807b16b58d6d68a9514bbc66e35f0972b00e7f4c3cb0887e60adc2aef5c71d730db0a3ead5caceca8378d19d9c4a371df5dbb42a2335c2978f5de6b6acd2cc6f
  languageName: node
  linkType: hard

"wcwidth@npm:^1.0.1":
  version: 1.0.1
  resolution: "wcwidth@npm:1.0.1"
  dependencies:
    defaults: ^1.0.3
  checksum: 814e9d1ddcc9798f7377ffa448a5a3892232b9275ebb30a41b529607691c0491de47cba426e917a4d08ded3ee7e9ba2f3fe32e62ee3cd9c7d3bafb7754bd553c
  languageName: node
  linkType: hard

"wrap-ansi@npm:^2.0.0":
  version: 2.1.0
  resolution: "wrap-ansi@npm:2.1.0"
  dependencies:
    string-width: ^1.0.1
    strip-ansi: ^3.0.1
  checksum: 2dacd4b3636f7a53ee13d4d0fe7fa2ed9ad81e9967e17231924ea88a286ec4619a78288de8d41881ee483f4449ab2c0287cde8154ba1bd0126c10271101b2ee3
  languageName: node
  linkType: hard

"wrappy@npm:1":
  version: 1.0.2
  resolution: "wrappy@npm:1.0.2"
  checksum: 159da4805f7e84a3d003d8841557196034155008f817172d4e986bd591f74aa82aa7db55929a54222309e01079a65a92a9e6414da5a6aa4b01ee44a511ac3ee5
  languageName: node
  linkType: hard
